// !$*UTF8*$!
{
	archiveVersion = 1;
	classes = {
	};
	objectVersion = 48;
	objects = {

/* Begin PBXBuildFile section */
		52F4F0E52087ED32000D02E9 /* main.cc in Sources */ = {isa = PBXBuildFile; fileRef = 52F4F0E22087ED31000D02E9 /* main.cc */; };
		52F4F0E62087ED32000D02E9 /* tokenizer.cc in Sources */ = {isa = PBXBuildFile; fileRef = 52F4F0E32087ED32000D02E9 /* tokenizer.cc */; };
/* End PBXBuildFile section */

/* Begin PBXCopyFilesBuildPhase section */
		52F4F0D42087ECE9000D02E9 /* CopyFiles */ = {
			isa = PBXCopyFilesBuildPhase;
			buildActionMask = 2147483647;
			dstPath = /usr/share/man/man1/;
			dstSubfolderSpec = 0;
			files = (
			);
			runOnlyForDeploymentPostprocessing = 1;
		};
/* End PBXCopyFilesBuildPhase section */

/* Begin PBXFileReference section */
		52F4F0D62087ECE9000D02E9 /* team-influx */ = {isa = PBXFileReference; explicitFileType = "compiled.mach-o.executable"; includeInIndex = 0; path = "team-influx"; sourceTree = BUILT_PRODUCTS_DIR; };
		52F4F0E02087ED31000D02E9 /* tokenizer.h */ = {isa = PBXFileReference; fileEncoding = 4; lastKnownFileType = sourcecode.c.h; name = tokenizer.h; path = ../../frontend/tokenizer/tokenizer.h; sourceTree = "<group>"; };
		52F4F0E22087ED31000D02E9 /* main.cc */ = {isa = PBXFileReference; fileEncoding = 4; lastKnownFileType = sourcecode.cpp.cpp; name = main.cc; path = ../../frontend/tokenizer/main.cc; sourceTree = "<group>"; };
		52F4F0E32087ED32000D02E9 /* tokenizer.cc */ = {isa = PBXFileReference; fileEncoding = 4; lastKnownFileType = sourcecode.cpp.cpp; name = tokenizer.cc; path = ../../frontend/tokenizer/tokenizer.cc; sourceTree = "<group>"; };
		52F4F0E72087EEF0000D02E9 /* utility */ = {isa = PBXFileReference; lastKnownFileType = folder; name = utility; path = ../../utility; sourceTree = "<group>"; };
/* End PBXFileReference section */

/* Begin PBXFrameworksBuildPhase section */
		52F4F0D32087ECE9000D02E9 /* Frameworks */ = {
			isa = PBXFrameworksBuildPhase;
			buildActionMask = 2147483647;
			files = (
			);
			runOnlyForDeploymentPostprocessing = 0;
		};
/* End PBXFrameworksBuildPhase section */

/* Begin PBXGroup section */
		52F4F0CD2087ECE9000D02E9 = {
			isa = PBXGroup;
			children = (
				52F4F0D82087ECE9000D02E9 /* team-influx */,
				52F4F0D72087ECE9000D02E9 /* Products */,
			);
			sourceTree = "<group>";
		};
		52F4F0D72087ECE9000D02E9 /* Products */ = {
			isa = PBXGroup;
			children = (
				52F4F0D62087ECE9000D02E9 /* team-influx */,
			);
			name = Products;
			sourceTree = "<group>";
		};
		52F4F0D82087ECE9000D02E9 /* team-influx */ = {
			isa = PBXGroup;
			children = (
				52F4F0E72087EEF0000D02E9 /* utility */,
				52F4F0E22087ED31000D02E9 /* main.cc */,
				52F4F0E32087ED32000D02E9 /* tokenizer.cc */,
				52F4F0E02087ED31000D02E9 /* tokenizer.h */,
			);
			path = "team-influx";
			sourceTree = "<group>";
		};
/* End PBXGroup section */

/* Begin PBXNativeTarget section */
		52F4F0D52087ECE9000D02E9 /* team-influx */ = {
			isa = PBXNativeTarget;
			buildConfigurationList = 52F4F0DD2087ECE9000D02E9 /* Build configuration list for PBXNativeTarget "team-influx" */;
			buildPhases = (
				52F4F0D22087ECE9000D02E9 /* Sources */,
				52F4F0D32087ECE9000D02E9 /* Frameworks */,
				52F4F0D42087ECE9000D02E9 /* CopyFiles */,
			);
			buildRules = (
			);
			dependencies = (
			);
			name = "team-influx";
			productName = "team-influx";
			productReference = 52F4F0D62087ECE9000D02E9 /* team-influx */;
			productType = "com.apple.product-type.tool";
		};
/* End PBXNativeTarget section */

/* Begin PBXProject section */
		52F4F0CE2087ECE9000D02E9 /* Project object */ = {
			isa = PBXProject;
			attributes = {
				LastUpgradeCheck = 0920;
				ORGANIZATIONNAME = "Victor  Cheng";
				TargetAttributes = {
					52F4F0D52087ECE9000D02E9 = {
						CreatedOnToolsVersion = 9.2;
						ProvisioningStyle = Automatic;
					};
				};
			};
			buildConfigurationList = 52F4F0D12087ECE9000D02E9 /* Build configuration list for PBXProject "team-influx" */;
			compatibilityVersion = "Xcode 8.0";
			developmentRegion = en;
			hasScannedForEncodings = 0;
			knownRegions = (
				en,
			);
			mainGroup = 52F4F0CD2087ECE9000D02E9;
			productRefGroup = 52F4F0D72087ECE9000D02E9 /* Products */;
			projectDirPath = "";
			projectRoot = "";
			targets = (
				52F4F0D52087ECE9000D02E9 /* team-influx */,
			);
		};
/* End PBXProject section */

/* Begin PBXSourcesBuildPhase section */
		52F4F0D22087ECE9000D02E9 /* Sources */ = {
			isa = PBXSourcesBuildPhase;
			buildActionMask = 2147483647;
			files = (
				52F4F0E52087ED32000D02E9 /* main.cc in Sources */,
				52F4F0E62087ED32000D02E9 /* tokenizer.cc in Sources */,
			);
			runOnlyForDeploymentPostprocessing = 0;
		};
/* End PBXSourcesBuildPhase section */

/* Begin XCBuildConfiguration section */
		52F4F0DB2087ECE9000D02E9 /* Debug */ = {
			isa = XCBuildConfiguration;
			buildSettings = {
				ALWAYS_SEARCH_USER_PATHS = NO;
				CLANG_ANALYZER_NONNULL = YES;
				CLANG_ANALYZER_NUMBER_OBJECT_CONVERSION = YES_AGGRESSIVE;
				CLANG_CXX_LANGUAGE_STANDARD = "gnu++14";
				CLANG_CXX_LIBRARY = "libc++";
				CLANG_ENABLE_MODULES = YES;
				CLANG_ENABLE_OBJC_ARC = YES;
				CLANG_WARN_BLOCK_CAPTURE_AUTORELEASING = YES;
				CLANG_WARN_BOOL_CONVERSION = YES;
				CLANG_WARN_COMMA = YES;
				CLANG_WARN_CONSTANT_CONVERSION = YES;
				CLANG_WARN_DIRECT_OBJC_ISA_USAGE = YES_ERROR;
				CLANG_WARN_DOCUMENTATION_COMMENTS = YES;
				CLANG_WARN_EMPTY_BODY = YES;
				CLANG_WARN_ENUM_CONVERSION = YES;
				CLANG_WARN_INFINITE_RECURSION = YES;
				CLANG_WARN_INT_CONVERSION = YES;
				CLANG_WARN_NON_LITERAL_NULL_CONVERSION = YES;
				CLANG_WARN_OBJC_LITERAL_CONVERSION = YES;
				CLANG_WARN_OBJC_ROOT_CLASS = YES_ERROR;
				CLANG_WARN_RANGE_LOOP_ANALYSIS = YES;
				CLANG_WARN_STRICT_PROTOTYPES = YES;
				CLANG_WARN_SUSPICIOUS_MOVE = YES;
				CLANG_WARN_UNGUARDED_AVAILABILITY = YES_AGGRESSIVE;
				CLANG_WARN_UNREACHABLE_CODE = YES;
				CLANG_WARN__DUPLICATE_METHOD_MATCH = YES;
				CODE_SIGN_IDENTITY = "-";
				COPY_PHASE_STRIP = NO;
				DEBUG_INFORMATION_FORMAT = dwarf;
				ENABLE_STRICT_OBJC_MSGSEND = YES;
				ENABLE_TESTABILITY = YES;
				GCC_C_LANGUAGE_STANDARD = gnu11;
				GCC_DYNAMIC_NO_PIC = NO;
				GCC_NO_COMMON_BLOCKS = YES;
				GCC_OPTIMIZATION_LEVEL = 0;
				GCC_PREPROCESSOR_DEFINITIONS = (
					"DEBUG=1",
					"$(inherited)",
				);
				GCC_WARN_64_TO_32_BIT_CONVERSION = YES;
				GCC_WARN_ABOUT_RETURN_TYPE = YES_ERROR;
				GCC_WARN_UNDECLARED_SELECTOR = YES;
				GCC_WARN_UNINITIALIZED_AUTOS = YES_AGGRESSIVE;
				GCC_WARN_UNUSED_FUNCTION = YES;
				GCC_WARN_UNUSED_VARIABLE = YES;
				MACOSX_DEPLOYMENT_TARGET = 10.12;
				MTL_ENABLE_DEBUG_INFO = YES;
				ONLY_ACTIVE_ARCH = YES;
				SDKROOT = macosx;
			};
			name = Debug;
		};
		52F4F0DC2087ECE9000D02E9 /* Release */ = {
			isa = XCBuildConfiguration;
			buildSettings = {
				ALWAYS_SEARCH_USER_PATHS = NO;
				CLANG_ANALYZER_NONNULL = YES;
				CLANG_ANALYZER_NUMBER_OBJECT_CONVERSION = YES_AGGRESSIVE;
				CLANG_CXX_LANGUAGE_STANDARD = "gnu++14";
				CLANG_CXX_LIBRARY = "libc++";
				CLANG_ENABLE_MODULES = YES;
				CLANG_ENABLE_OBJC_ARC = YES;
				CLANG_WARN_BLOCK_CAPTURE_AUTORELEASING = YES;
				CLANG_WARN_BOOL_CONVERSION = YES;
				CLANG_WARN_COMMA = YES;
				CLANG_WARN_CONSTANT_CONVERSION = YES;
				CLANG_WARN_DIRECT_OBJC_ISA_USAGE = YES_ERROR;
				CLANG_WARN_DOCUMENTATION_COMMENTS = YES;
				CLANG_WARN_EMPTY_BODY = YES;
				CLANG_WARN_ENUM_CONVERSION = YES;
				CLANG_WARN_INFINITE_RECURSION = YES;
				CLANG_WARN_INT_CONVERSION = YES;
				CLANG_WARN_NON_LITERAL_NULL_CONVERSION = YES;
				CLANG_WARN_OBJC_LITERAL_CONVERSION = YES;
				CLANG_WARN_OBJC_ROOT_CLASS = YES_ERROR;
				CLANG_WARN_RANGE_LOOP_ANALYSIS = YES;
				CLANG_WARN_STRICT_PROTOTYPES = YES;
				CLANG_WARN_SUSPICIOUS_MOVE = YES;
				CLANG_WARN_UNGUARDED_AVAILABILITY = YES_AGGRESSIVE;
				CLANG_WARN_UNREACHABLE_CODE = YES;
				CLANG_WARN__DUPLICATE_METHOD_MATCH = YES;
				CODE_SIGN_IDENTITY = "-";
				COPY_PHASE_STRIP = NO;
				DEBUG_INFORMATION_FORMAT = "dwarf-with-dsym";
				ENABLE_NS_ASSERTIONS = NO;
				ENABLE_STRICT_OBJC_MSGSEND = YES;
				GCC_C_LANGUAGE_STANDARD = gnu11;
				GCC_NO_COMMON_BLOCKS = YES;
				GCC_WARN_64_TO_32_BIT_CONVERSION = YES;
				GCC_WARN_ABOUT_RETURN_TYPE = YES_ERROR;
				GCC_WARN_UNDECLARED_SELECTOR = YES;
				GCC_WARN_UNINITIALIZED_AUTOS = YES_AGGRESSIVE;
				GCC_WARN_UNUSED_FUNCTION = YES;
				GCC_WARN_UNUSED_VARIABLE = YES;
				MACOSX_DEPLOYMENT_TARGET = 10.12;
				MTL_ENABLE_DEBUG_INFO = NO;
				SDKROOT = macosx;
			};
			name = Release;
		};
		52F4F0DE2087ECE9000D02E9 /* Debug */ = {
			isa = XCBuildConfiguration;
			buildSettings = {
				CODE_SIGN_STYLE = Automatic;
				PRODUCT_NAME = "$(TARGET_NAME)";
			};
			name = Debug;
		};
		52F4F0DF2087ECE9000D02E9 /* Release */ = {
			isa = XCBuildConfiguration;
			buildSettings = {
				CODE_SIGN_STYLE = Automatic;
				PRODUCT_NAME = "$(TARGET_NAME)";
			};
			name = Release;
		};
/* End XCBuildConfiguration section */

/* Begin XCConfigurationList section */
		52F4F0D12087ECE9000D02E9 /* Build configuration list for PBXProject "team-influx" */ = {
			isa = XCConfigurationList;
			buildConfigurations = (
				52F4F0DB2087ECE9000D02E9 /* Debug */,
				52F4F0DC2087ECE9000D02E9 /* Release */,
			);
			defaultConfigurationIsVisible = 0;
			defaultConfigurationName = Release;
		};
		52F4F0DD2087ECE9000D02E9 /* Build configuration list for PBXNativeTarget "team-influx" */ = {
			isa = XCConfigurationList;
			buildConfigurations = (
				52F4F0DE2087ECE9000D02E9 /* Debug */,
				52F4F0DF2087ECE9000D02E9 /* Release */,
			);
			defaultConfigurationIsVisible = 0;
			defaultConfigurationName = Release;
		};
/* End XCConfigurationList section */
	};
	rootObject = 52F4F0CE2087ECE9000D02E9 /* Project object */;
}
